// !$*UTF8*$!
{
	archiveVersion = 1;
	classes = {
	};
	objectVersion = 46;
	objects = {

/* Begin PBXBuildFile section */
		92EB92BB1E1F60EE0044957D /* main.m in Sources */ = {isa = PBXBuildFile; fileRef = 92EB92BA1E1F60EE0044957D /* main.m */; };
		92EB92BE1E1F60EE0044957D /* AppDelegate.m in Sources */ = {isa = PBXBuildFile; fileRef = 92EB92BD1E1F60EE0044957D /* AppDelegate.m */; };
		92EB92C41E1F60EE0044957D /* Main.storyboard in Resources */ = {isa = PBXBuildFile; fileRef = 92EB92C21E1F60EE0044957D /* Main.storyboard */; };
		92EB92C61E1F60EE0044957D /* Assets.xcassets in Resources */ = {isa = PBXBuildFile; fileRef = 92EB92C51E1F60EE0044957D /* Assets.xcassets */; };
		92EB92C91E1F60EE0044957D /* LaunchScreen.storyboard in Resources */ = {isa = PBXBuildFile; fileRef = 92EB92C71E1F60EE0044957D /* LaunchScreen.storyboard */; };
		92EB92D41E1F60EE0044957D /* MTFloridEyesTests.m in Sources */ = {isa = PBXBuildFile; fileRef = 92EB92D31E1F60EE0044957D /* MTFloridEyesTests.m */; };
		92EB92DF1E1F60EE0044957D /* MTFloridEyesUITests.m in Sources */ = {isa = PBXBuildFile; fileRef = 92EB92DE1E1F60EE0044957D /* MTFloridEyesUITests.m */; };
		92EB92F91E1F65D00044957D /* BaseViewController.m in Sources */ = {isa = PBXBuildFile; fileRef = 92EB92F81E1F65D00044957D /* BaseViewController.m */; };
		92EB93231E1F69A50044957D /* MKAnnotationView+WebCache.m in Sources */ = {isa = PBXBuildFile; fileRef = 92EB93031E1F69A50044957D /* MKAnnotationView+WebCache.m */; };
		92EB93241E1F69A50044957D /* NSData+ImageContentType.m in Sources */ = {isa = PBXBuildFile; fileRef = 92EB93051E1F69A50044957D /* NSData+ImageContentType.m */; };
		92EB93251E1F69A50044957D /* SDImageCache.m in Sources */ = {isa = PBXBuildFile; fileRef = 92EB93071E1F69A50044957D /* SDImageCache.m */; };
		92EB93261E1F69A50044957D /* SDWebImageCompat.m in Sources */ = {isa = PBXBuildFile; fileRef = 92EB93091E1F69A50044957D /* SDWebImageCompat.m */; };
		92EB93271E1F69A50044957D /* SDWebImageDecoder.m in Sources */ = {isa = PBXBuildFile; fileRef = 92EB930B1E1F69A50044957D /* SDWebImageDecoder.m */; };
		92EB93281E1F69A50044957D /* SDWebImageDownloader.m in Sources */ = {isa = PBXBuildFile; fileRef = 92EB930D1E1F69A50044957D /* SDWebImageDownloader.m */; };
		92EB93291E1F69A50044957D /* SDWebImageDownloaderOperation.m in Sources */ = {isa = PBXBuildFile; fileRef = 92EB930F1E1F69A50044957D /* SDWebImageDownloaderOperation.m */; };
		92EB932A1E1F69A50044957D /* SDWebImageManager.m in Sources */ = {isa = PBXBuildFile; fileRef = 92EB93111E1F69A50044957D /* SDWebImageManager.m */; };
		92EB932B1E1F69A50044957D /* SDWebImagePrefetcher.m in Sources */ = {isa = PBXBuildFile; fileRef = 92EB93141E1F69A50044957D /* SDWebImagePrefetcher.m */; };
		92EB932C1E1F69A50044957D /* UIButton+WebCache.m in Sources */ = {isa = PBXBuildFile; fileRef = 92EB93161E1F69A50044957D /* UIButton+WebCache.m */; };
		92EB932D1E1F69A50044957D /* UIImage+GIF.m in Sources */ = {isa = PBXBuildFile; fileRef = 92EB93181E1F69A50044957D /* UIImage+GIF.m */; };
		92EB932E1E1F69A50044957D /* UIImage+MultiFormat.m in Sources */ = {isa = PBXBuildFile; fileRef = 92EB931A1E1F69A50044957D /* UIImage+MultiFormat.m */; };
		92EB932F1E1F69A50044957D /* UIImage+WebP.m in Sources */ = {isa = PBXBuildFile; fileRef = 92EB931C1E1F69A50044957D /* UIImage+WebP.m */; };
		92EB93301E1F69A50044957D /* UIImageView+HighlightedWebCache.m in Sources */ = {isa = PBXBuildFile; fileRef = 92EB931E1E1F69A50044957D /* UIImageView+HighlightedWebCache.m */; };
		92EB93311E1F69A50044957D /* UIImageView+WebCache.m in Sources */ = {isa = PBXBuildFile; fileRef = 92EB93201E1F69A50044957D /* UIImageView+WebCache.m */; };
		92EB93321E1F69A50044957D /* UIView+WebCacheOperation.m in Sources */ = {isa = PBXBuildFile; fileRef = 92EB93221E1F69A50044957D /* UIView+WebCacheOperation.m */; };
		92EB935D1E1F69BD0044957D /* AFHTTPRequestOperation.m in Sources */ = {isa = PBXBuildFile; fileRef = 92EB93371E1F69BD0044957D /* AFHTTPRequestOperation.m */; };
		92EB935E1E1F69BD0044957D /* AFHTTPRequestOperationManager.m in Sources */ = {isa = PBXBuildFile; fileRef = 92EB93391E1F69BD0044957D /* AFHTTPRequestOperationManager.m */; };
		92EB935F1E1F69BD0044957D /* AFHTTPSessionManager.m in Sources */ = {isa = PBXBuildFile; fileRef = 92EB933B1E1F69BD0044957D /* AFHTTPSessionManager.m */; };
		92EB93601E1F69BD0044957D /* AFNetworkReachabilityManager.m in Sources */ = {isa = PBXBuildFile; fileRef = 92EB933E1E1F69BD0044957D /* AFNetworkReachabilityManager.m */; };
		92EB93611E1F69BD0044957D /* AFSecurityPolicy.m in Sources */ = {isa = PBXBuildFile; fileRef = 92EB93401E1F69BD0044957D /* AFSecurityPolicy.m */; };
		92EB93621E1F69BD0044957D /* AFURLConnectionOperation.m in Sources */ = {isa = PBXBuildFile; fileRef = 92EB93421E1F69BD0044957D /* AFURLConnectionOperation.m */; };
		92EB93631E1F69BD0044957D /* AFURLRequestSerialization.m in Sources */ = {isa = PBXBuildFile; fileRef = 92EB93441E1F69BD0044957D /* AFURLRequestSerialization.m */; };
		92EB93641E1F69BD0044957D /* AFURLResponseSerialization.m in Sources */ = {isa = PBXBuildFile; fileRef = 92EB93461E1F69BD0044957D /* AFURLResponseSerialization.m */; };
		92EB93651E1F69BD0044957D /* AFURLSessionManager.m in Sources */ = {isa = PBXBuildFile; fileRef = 92EB93481E1F69BD0044957D /* AFURLSessionManager.m */; };
		92EB93661E1F69BD0044957D /* AFNetworkActivityIndicatorManager.m in Sources */ = {isa = PBXBuildFile; fileRef = 92EB934B1E1F69BD0044957D /* AFNetworkActivityIndicatorManager.m */; };
		92EB93671E1F69BD0044957D /* UIActivityIndicatorView+AFNetworking.m in Sources */ = {isa = PBXBuildFile; fileRef = 92EB934D1E1F69BD0044957D /* UIActivityIndicatorView+AFNetworking.m */; };
		92EB93681E1F69BD0044957D /* UIAlertView+AFNetworking.m in Sources */ = {isa = PBXBuildFile; fileRef = 92EB934F1E1F69BD0044957D /* UIAlertView+AFNetworking.m */; };
		92EB93691E1F69BD0044957D /* UIButton+AFNetworking.m in Sources */ = {isa = PBXBuildFile; fileRef = 92EB93511E1F69BD0044957D /* UIButton+AFNetworking.m */; };
		92EB936A1E1F69BD0044957D /* UIImageView+AFNetworking.m in Sources */ = {isa = PBXBuildFile; fileRef = 92EB93531E1F69BD0044957D /* UIImageView+AFNetworking.m */; };
		92EB936B1E1F69BD0044957D /* UIProgressView+AFNetworking.m in Sources */ = {isa = PBXBuildFile; fileRef = 92EB93561E1F69BD0044957D /* UIProgressView+AFNetworking.m */; };
		92EB936C1E1F69BD0044957D /* UIRefreshControl+AFNetworking.m in Sources */ = {isa = PBXBuildFile; fileRef = 92EB93581E1F69BD0044957D /* UIRefreshControl+AFNetworking.m */; };
		92EB936D1E1F69BD0044957D /* UIWebView+AFNetworking.m in Sources */ = {isa = PBXBuildFile; fileRef = 92EB935A1E1F69BD0044957D /* UIWebView+AFNetworking.m */; };
		92EB936E1E1F69BD0044957D /* LORequestManger.m in Sources */ = {isa = PBXBuildFile; fileRef = 92EB935C1E1F69BD0044957D /* LORequestManger.m */; };
		92EB93761E1F72370044957D /* SceneModel.m in Sources */ = {isa = PBXBuildFile; fileRef = 92EB93751E1F72370044957D /* SceneModel.m */; };
		92EB937C1E1F78150044957D /* SceneTableViewCell.m in Sources */ = {isa = PBXBuildFile; fileRef = 92EB937B1E1F78150044957D /* SceneTableViewCell.m */; };
		92EB937F1E1F78240044957D /* SceneViewController.m in Sources */ = {isa = PBXBuildFile; fileRef = 92EB937E1E1F78240044957D /* SceneViewController.m */; };
		92EB93821E1F78350044957D /* BaseModel.m in Sources */ = {isa = PBXBuildFile; fileRef = 92EB93811E1F78350044957D /* BaseModel.m */; };
/* End PBXBuildFile section */

/* Begin PBXContainerItemProxy section */
		92EB92D01E1F60EE0044957D /* PBXContainerItemProxy */ = {
			isa = PBXContainerItemProxy;
			containerPortal = 92EB92AE1E1F60EE0044957D /* Project object */;
			proxyType = 1;
			remoteGlobalIDString = 92EB92B51E1F60EE0044957D;
			remoteInfo = MTFloridEyes;
		};
		92EB92DB1E1F60EE0044957D /* PBXContainerItemProxy */ = {
			isa = PBXContainerItemProxy;
			containerPortal = 92EB92AE1E1F60EE0044957D /* Project object */;
			proxyType = 1;
			remoteGlobalIDString = 92EB92B51E1F60EE0044957D;
			remoteInfo = MTFloridEyes;
		};
/* End PBXContainerItemProxy section */

/* Begin PBXFileReference section */
		92EB92B61E1F60EE0044957D /* MTFloridEyes.app */ = {isa = PBXFileReference; explicitFileType = wrapper.application; includeInIndex = 0; path = MTFloridEyes.app; sourceTree = BUILT_PRODUCTS_DIR; };
		92EB92BA1E1F60EE0044957D /* main.m */ = {isa = PBXFileReference; lastKnownFileType = sourcecode.c.objc; path = main.m; sourceTree = "<group>"; };
		92EB92BC1E1F60EE0044957D /* AppDelegate.h */ = {isa = PBXFileReference; lastKnownFileType = sourcecode.c.h; path = AppDelegate.h; sourceTree = "<group>"; };
		92EB92BD1E1F60EE0044957D /* AppDelegate.m */ = {isa = PBXFileReference; lastKnownFileType = sourcecode.c.objc; path = AppDelegate.m; sourceTree = "<group>"; };
		92EB92C31E1F60EE0044957D /* Base */ = {isa = PBXFileReference; lastKnownFileType = file.storyboard; name = Base; path = Base.lproj/Main.storyboard; sourceTree = "<group>"; };
		92EB92C51E1F60EE0044957D /* Assets.xcassets */ = {isa = PBXFileReference; lastKnownFileType = folder.assetcatalog; path = Assets.xcassets; sourceTree = "<group>"; };
		92EB92C81E1F60EE0044957D /* Base */ = {isa = PBXFileReference; lastKnownFileType = file.storyboard; name = Base; path = Base.lproj/LaunchScreen.storyboard; sourceTree = "<group>"; };
		92EB92CA1E1F60EE0044957D /* Info.plist */ = {isa = PBXFileReference; lastKnownFileType = text.plist.xml; path = Info.plist; sourceTree = "<group>"; };
		92EB92CF1E1F60EE0044957D /* MTFloridEyesTests.xctest */ = {isa = PBXFileReference; explicitFileType = wrapper.cfbundle; includeInIndex = 0; path = MTFloridEyesTests.xctest; sourceTree = BUILT_PRODUCTS_DIR; };
		92EB92D31E1F60EE0044957D /* MTFloridEyesTests.m */ = {isa = PBXFileReference; lastKnownFileType = sourcecode.c.objc; path = MTFloridEyesTests.m; sourceTree = "<group>"; };
		92EB92D51E1F60EE0044957D /* Info.plist */ = {isa = PBXFileReference; lastKnownFileType = text.plist.xml; path = Info.plist; sourceTree = "<group>"; };
		92EB92DA1E1F60EE0044957D /* MTFloridEyesUITests.xctest */ = {isa = PBXFileReference; explicitFileType = wrapper.cfbundle; includeInIndex = 0; path = MTFloridEyesUITests.xctest; sourceTree = BUILT_PRODUCTS_DIR; };
		92EB92DE1E1F60EE0044957D /* MTFloridEyesUITests.m */ = {isa = PBXFileReference; lastKnownFileType = sourcecode.c.objc; path = MTFloridEyesUITests.m; sourceTree = "<group>"; };
		92EB92E01E1F60EE0044957D /* Info.plist */ = {isa = PBXFileReference; lastKnownFileType = text.plist.xml; path = Info.plist; sourceTree = "<group>"; };
		92EB92F01E1F61FF0044957D /* PrefixHeader.pch */ = {isa = PBXFileReference; fileEncoding = 4; lastKnownFileType = sourcecode.c.h; path = PrefixHeader.pch; sourceTree = "<group>"; };
		92EB92F71E1F65D00044957D /* BaseViewController.h */ = {isa = PBXFileReference; fileEncoding = 4; lastKnownFileType = sourcecode.c.h; name = BaseViewController.h; path = BaseClass/BaseViewController.h; sourceTree = "<group>"; };
		92EB92F81E1F65D00044957D /* BaseViewController.m */ = {isa = PBXFileReference; fileEncoding = 4; lastKnownFileType = sourcecode.c.objc; name = BaseViewController.m; path = BaseClass/BaseViewController.m; sourceTree = "<group>"; };
		92EB93021E1F69A50044957D /* MKAnnotationView+WebCache.h */ = {isa = PBXFileReference; fileEncoding = 4; lastKnownFileType = sourcecode.c.h; path = "MKAnnotationView+WebCache.h"; sourceTree = "<group>"; };
		92EB93031E1F69A50044957D /* MKAnnotationView+WebCache.m */ = {isa = PBXFileReference; fileEncoding = 4; lastKnownFileType = sourcecode.c.objc; path = "MKAnnotationView+WebCache.m"; sourceTree = "<group>"; };
		92EB93041E1F69A50044957D /* NSData+ImageContentType.h */ = {isa = PBXFileReference; fileEncoding = 4; lastKnownFileType = sourcecode.c.h; path = "NSData+ImageContentType.h"; sourceTree = "<group>"; };
		92EB93051E1F69A50044957D /* NSData+ImageContentType.m */ = {isa = PBXFileReference; fileEncoding = 4; lastKnownFileType = sourcecode.c.objc; path = "NSData+ImageContentType.m"; sourceTree = "<group>"; };
		92EB93061E1F69A50044957D /* SDImageCache.h */ = {isa = PBXFileReference; fileEncoding = 4; lastKnownFileType = sourcecode.c.h; path = SDImageCache.h; sourceTree = "<group>"; };
		92EB93071E1F69A50044957D /* SDImageCache.m */ = {isa = PBXFileReference; fileEncoding = 4; lastKnownFileType = sourcecode.c.objc; path = SDImageCache.m; sourceTree = "<group>"; };
		92EB93081E1F69A50044957D /* SDWebImageCompat.h */ = {isa = PBXFileReference; fileEncoding = 4; lastKnownFileType = sourcecode.c.h; path = SDWebImageCompat.h; sourceTree = "<group>"; };
		92EB93091E1F69A50044957D /* SDWebImageCompat.m */ = {isa = PBXFileReference; fileEncoding = 4; lastKnownFileType = sourcecode.c.objc; path = SDWebImageCompat.m; sourceTree = "<group>"; };
		92EB930A1E1F69A50044957D /* SDWebImageDecoder.h */ = {isa = PBXFileReference; fileEncoding = 4; lastKnownFileType = sourcecode.c.h; path = SDWebImageDecoder.h; sourceTree = "<group>"; };
		92EB930B1E1F69A50044957D /* SDWebImageDecoder.m */ = {isa = PBXFileReference; fileEncoding = 4; lastKnownFileType = sourcecode.c.objc; path = SDWebImageDecoder.m; sourceTree = "<group>"; };
		92EB930C1E1F69A50044957D /* SDWebImageDownloader.h */ = {isa = PBXFileReference; fileEncoding = 4; lastKnownFileType = sourcecode.c.h; path = SDWebImageDownloader.h; sourceTree = "<group>"; };
		92EB930D1E1F69A50044957D /* SDWebImageDownloader.m */ = {isa = PBXFileReference; fileEncoding = 4; lastKnownFileType = sourcecode.c.objc; path = SDWebImageDownloader.m; sourceTree = "<group>"; };
		92EB930E1E1F69A50044957D /* SDWebImageDownloaderOperation.h */ = {isa = PBXFileReference; fileEncoding = 4; lastKnownFileType = sourcecode.c.h; path = SDWebImageDownloaderOperation.h; sourceTree = "<group>"; };
		92EB930F1E1F69A50044957D /* SDWebImageDownloaderOperation.m */ = {isa = PBXFileReference; fileEncoding = 4; lastKnownFileType = sourcecode.c.objc; path = SDWebImageDownloaderOperation.m; sourceTree = "<group>"; };
		92EB93101E1F69A50044957D /* SDWebImageManager.h */ = {isa = PBXFileReference; fileEncoding = 4; lastKnownFileType = sourcecode.c.h; path = SDWebImageManager.h; sourceTree = "<group>"; };
		92EB93111E1F69A50044957D /* SDWebImageManager.m */ = {isa = PBXFileReference; fileEncoding = 4; lastKnownFileType = sourcecode.c.objc; path = SDWebImageManager.m; sourceTree = "<group>"; };
		92EB93121E1F69A50044957D /* SDWebImageOperation.h */ = {isa = PBXFileReference; fileEncoding = 4; lastKnownFileType = sourcecode.c.h; path = SDWebImageOperation.h; sourceTree = "<group>"; };
		92EB93131E1F69A50044957D /* SDWebImagePrefetcher.h */ = {isa = PBXFileReference; fileEncoding = 4; lastKnownFileType = sourcecode.c.h; path = SDWebImagePrefetcher.h; sourceTree = "<group>"; };
		92EB93141E1F69A50044957D /* SDWebImagePrefetcher.m */ = {isa = PBXFileReference; fileEncoding = 4; lastKnownFileType = sourcecode.c.objc; path = SDWebImagePrefetcher.m; sourceTree = "<group>"; };
		92EB93151E1F69A50044957D /* UIButton+WebCache.h */ = {isa = PBXFileReference; fileEncoding = 4; lastKnownFileType = sourcecode.c.h; path = "UIButton+WebCache.h"; sourceTree = "<group>"; };
		92EB93161E1F69A50044957D /* UIButton+WebCache.m */ = {isa = PBXFileReference; fileEncoding = 4; lastKnownFileType = sourcecode.c.objc; path = "UIButton+WebCache.m"; sourceTree = "<group>"; };
		92EB93171E1F69A50044957D /* UIImage+GIF.h */ = {isa = PBXFileReference; fileEncoding = 4; lastKnownFileType = sourcecode.c.h; path = "UIImage+GIF.h"; sourceTree = "<group>"; };
		92EB93181E1F69A50044957D /* UIImage+GIF.m */ = {isa = PBXFileReference; fileEncoding = 4; lastKnownFileType = sourcecode.c.objc; path = "UIImage+GIF.m"; sourceTree = "<group>"; };
		92EB93191E1F69A50044957D /* UIImage+MultiFormat.h */ = {isa = PBXFileReference; fileEncoding = 4; lastKnownFileType = sourcecode.c.h; path = "UIImage+MultiFormat.h"; sourceTree = "<group>"; };
		92EB931A1E1F69A50044957D /* UIImage+MultiFormat.m */ = {isa = PBXFileReference; fileEncoding = 4; lastKnownFileType = sourcecode.c.objc; path = "UIImage+MultiFormat.m"; sourceTree = "<group>"; };
		92EB931B1E1F69A50044957D /* UIImage+WebP.h */ = {isa = PBXFileReference; fileEncoding = 4; lastKnownFileType = sourcecode.c.h; path = "UIImage+WebP.h"; sourceTree = "<group>"; };
		92EB931C1E1F69A50044957D /* UIImage+WebP.m */ = {isa = PBXFileReference; fileEncoding = 4; lastKnownFileType = sourcecode.c.objc; path = "UIImage+WebP.m"; sourceTree = "<group>"; };
		92EB931D1E1F69A50044957D /* UIImageView+HighlightedWebCache.h */ = {isa = PBXFileReference; fileEncoding = 4; lastKnownFileType = sourcecode.c.h; path = "UIImageView+HighlightedWebCache.h"; sourceTree = "<group>"; };
		92EB931E1E1F69A50044957D /* UIImageView+HighlightedWebCache.m */ = {isa = PBXFileReference; fileEncoding = 4; lastKnownFileType = sourcecode.c.objc; path = "UIImageView+HighlightedWebCache.m"; sourceTree = "<group>"; };
		92EB931F1E1F69A50044957D /* UIImageView+WebCache.h */ = {isa = PBXFileReference; fileEncoding = 4; lastKnownFileType = sourcecode.c.h; path = "UIImageView+WebCache.h"; sourceTree = "<group>"; };
		92EB93201E1F69A50044957D /* UIImageView+WebCache.m */ = {isa = PBXFileReference; fileEncoding = 4; lastKnownFileType = sourcecode.c.objc; path = "UIImageView+WebCache.m"; sourceTree = "<group>"; };
		92EB93211E1F69A50044957D /* UIView+WebCacheOperation.h */ = {isa = PBXFileReference; fileEncoding = 4; lastKnownFileType = sourcecode.c.h; path = "UIView+WebCacheOperation.h"; sourceTree = "<group>"; };
		92EB93221E1F69A50044957D /* UIView+WebCacheOperation.m */ = {isa = PBXFileReference; fileEncoding = 4; lastKnownFileType = sourcecode.c.objc; path = "UIView+WebCacheOperation.m"; sourceTree = "<group>"; };
		92EB93361E1F69BD0044957D /* AFHTTPRequestOperation.h */ = {isa = PBXFileReference; fileEncoding = 4; lastKnownFileType = sourcecode.c.h; path = AFHTTPRequestOperation.h; sourceTree = "<group>"; };
		92EB93371E1F69BD0044957D /* AFHTTPRequestOperation.m */ = {isa = PBXFileReference; fileEncoding = 4; lastKnownFileType = sourcecode.c.objc; path = AFHTTPRequestOperation.m; sourceTree = "<group>"; };
		92EB93381E1F69BD0044957D /* AFHTTPRequestOperationManager.h */ = {isa = PBXFileReference; fileEncoding = 4; lastKnownFileType = sourcecode.c.h; path = AFHTTPRequestOperationManager.h; sourceTree = "<group>"; };
		92EB93391E1F69BD0044957D /* AFHTTPRequestOperationManager.m */ = {isa = PBXFileReference; fileEncoding = 4; lastKnownFileType = sourcecode.c.objc; path = AFHTTPRequestOperationManager.m; sourceTree = "<group>"; };
		92EB933A1E1F69BD0044957D /* AFHTTPSessionManager.h */ = {isa = PBXFileReference; fileEncoding = 4; lastKnownFileType = sourcecode.c.h; path = AFHTTPSessionManager.h; sourceTree = "<group>"; };
		92EB933B1E1F69BD0044957D /* AFHTTPSessionManager.m */ = {isa = PBXFileReference; fileEncoding = 4; lastKnownFileType = sourcecode.c.objc; path = AFHTTPSessionManager.m; sourceTree = "<group>"; };
		92EB933C1E1F69BD0044957D /* AFNetworking.h */ = {isa = PBXFileReference; fileEncoding = 4; lastKnownFileType = sourcecode.c.h; path = AFNetworking.h; sourceTree = "<group>"; };
		92EB933D1E1F69BD0044957D /* AFNetworkReachabilityManager.h */ = {isa = PBXFileReference; fileEncoding = 4; lastKnownFileType = sourcecode.c.h; path = AFNetworkReachabilityManager.h; sourceTree = "<group>"; };
		92EB933E1E1F69BD0044957D /* AFNetworkReachabilityManager.m */ = {isa = PBXFileReference; fileEncoding = 4; lastKnownFileType = sourcecode.c.objc; path = AFNetworkReachabilityManager.m; sourceTree = "<group>"; };
		92EB933F1E1F69BD0044957D /* AFSecurityPolicy.h */ = {isa = PBXFileReference; fileEncoding = 4; lastKnownFileType = sourcecode.c.h; path = AFSecurityPolicy.h; sourceTree = "<group>"; };
		92EB93401E1F69BD0044957D /* AFSecurityPolicy.m */ = {isa = PBXFileReference; fileEncoding = 4; lastKnownFileType = sourcecode.c.objc; path = AFSecurityPolicy.m; sourceTree = "<group>"; };
		92EB93411E1F69BD0044957D /* AFURLConnectionOperation.h */ = {isa = PBXFileReference; fileEncoding = 4; lastKnownFileType = sourcecode.c.h; path = AFURLConnectionOperation.h; sourceTree = "<group>"; };
		92EB93421E1F69BD0044957D /* AFURLConnectionOperation.m */ = {isa = PBXFileReference; fileEncoding = 4; lastKnownFileType = sourcecode.c.objc; path = AFURLConnectionOperation.m; sourceTree = "<group>"; };
		92EB93431E1F69BD0044957D /* AFURLRequestSerialization.h */ = {isa = PBXFileReference; fileEncoding = 4; lastKnownFileType = sourcecode.c.h; path = AFURLRequestSerialization.h; sourceTree = "<group>"; };
		92EB93441E1F69BD0044957D /* AFURLRequestSerialization.m */ = {isa = PBXFileReference; fileEncoding = 4; lastKnownFileType = sourcecode.c.objc; path = AFURLRequestSerialization.m; sourceTree = "<group>"; };
		92EB93451E1F69BD0044957D /* AFURLResponseSerialization.h */ = {isa = PBXFileReference; fileEncoding = 4; lastKnownFileType = sourcecode.c.h; path = AFURLResponseSerialization.h; sourceTree = "<group>"; };
		92EB93461E1F69BD0044957D /* AFURLResponseSerialization.m */ = {isa = PBXFileReference; fileEncoding = 4; lastKnownFileType = sourcecode.c.objc; path = AFURLResponseSerialization.m; sourceTree = "<group>"; };
		92EB93471E1F69BD0044957D /* AFURLSessionManager.h */ = {isa = PBXFileReference; fileEncoding = 4; lastKnownFileType = sourcecode.c.h; path = AFURLSessionManager.h; sourceTree = "<group>"; };
		92EB93481E1F69BD0044957D /* AFURLSessionManager.m */ = {isa = PBXFileReference; fileEncoding = 4; lastKnownFileType = sourcecode.c.objc; path = AFURLSessionManager.m; sourceTree = "<group>"; };
		92EB934A1E1F69BD0044957D /* AFNetworkActivityIndicatorManager.h */ = {isa = PBXFileReference; fileEncoding = 4; lastKnownFileType = sourcecode.c.h; path = AFNetworkActivityIndicatorManager.h; sourceTree = "<group>"; };
		92EB934B1E1F69BD0044957D /* AFNetworkActivityIndicatorManager.m */ = {isa = PBXFileReference; fileEncoding = 4; lastKnownFileType = sourcecode.c.objc; path = AFNetworkActivityIndicatorManager.m; sourceTree = "<group>"; };
		92EB934C1E1F69BD0044957D /* UIActivityIndicatorView+AFNetworking.h */ = {isa = PBXFileReference; fileEncoding = 4; lastKnownFileType = sourcecode.c.h; path = "UIActivityIndicatorView+AFNetworking.h"; sourceTree = "<group>"; };
		92EB934D1E1F69BD0044957D /* UIActivityIndicatorView+AFNetworking.m */ = {isa = PBXFileReference; fileEncoding = 4; lastKnownFileType = sourcecode.c.objc; path = "UIActivityIndicatorView+AFNetworking.m"; sourceTree = "<group>"; };
		92EB934E1E1F69BD0044957D /* UIAlertView+AFNetworking.h */ = {isa = PBXFileReference; fileEncoding = 4; lastKnownFileType = sourcecode.c.h; path = "UIAlertView+AFNetworking.h"; sourceTree = "<group>"; };
		92EB934F1E1F69BD0044957D /* UIAlertView+AFNetworking.m */ = {isa = PBXFileReference; fileEncoding = 4; lastKnownFileType = sourcecode.c.objc; path = "UIAlertView+AFNetworking.m"; sourceTree = "<group>"; };
		92EB93501E1F69BD0044957D /* UIButton+AFNetworking.h */ = {isa = PBXFileReference; fileEncoding = 4; lastKnownFileType = sourcecode.c.h; path = "UIButton+AFNetworking.h"; sourceTree = "<group>"; };
		92EB93511E1F69BD0044957D /* UIButton+AFNetworking.m */ = {isa = PBXFileReference; fileEncoding = 4; lastKnownFileType = sourcecode.c.objc; path = "UIButton+AFNetworking.m"; sourceTree = "<group>"; };
		92EB93521E1F69BD0044957D /* UIImageView+AFNetworking.h */ = {isa = PBXFileReference; fileEncoding = 4; lastKnownFileType = sourcecode.c.h; path = "UIImageView+AFNetworking.h"; sourceTree = "<group>"; };
		92EB93531E1F69BD0044957D /* UIImageView+AFNetworking.m */ = {isa = PBXFileReference; fileEncoding = 4; lastKnownFileType = sourcecode.c.objc; path = "UIImageView+AFNetworking.m"; sourceTree = "<group>"; };
		92EB93541E1F69BD0044957D /* UIKit+AFNetworking.h */ = {isa = PBXFileReference; fileEncoding = 4; lastKnownFileType = sourcecode.c.h; path = "UIKit+AFNetworking.h"; sourceTree = "<group>"; };
		92EB93551E1F69BD0044957D /* UIProgressView+AFNetworking.h */ = {isa = PBXFileReference; fileEncoding = 4; lastKnownFileType = sourcecode.c.h; path = "UIProgressView+AFNetworking.h"; sourceTree = "<group>"; };
		92EB93561E1F69BD0044957D /* UIProgressView+AFNetworking.m */ = {isa = PBXFileReference; fileEncoding = 4; lastKnownFileType = sourcecode.c.objc; path = "UIProgressView+AFNetworking.m"; sourceTree = "<group>"; };
		92EB93571E1F69BD0044957D /* UIRefreshControl+AFNetworking.h */ = {isa = PBXFileReference; fileEncoding = 4; lastKnownFileType = sourcecode.c.h; path = "UIRefreshControl+AFNetworking.h"; sourceTree = "<group>"; };
		92EB93581E1F69BD0044957D /* UIRefreshControl+AFNetworking.m */ = {isa = PBXFileReference; fileEncoding = 4; lastKnownFileType = sourcecode.c.objc; path = "UIRefreshControl+AFNetworking.m"; sourceTree = "<group>"; };
		92EB93591E1F69BD0044957D /* UIWebView+AFNetworking.h */ = {isa = PBXFileReference; fileEncoding = 4; lastKnownFileType = sourcecode.c.h; path = "UIWebView+AFNetworking.h"; sourceTree = "<group>"; };
		92EB935A1E1F69BD0044957D /* UIWebView+AFNetworking.m */ = {isa = PBXFileReference; fileEncoding = 4; lastKnownFileType = sourcecode.c.objc; path = "UIWebView+AFNetworking.m"; sourceTree = "<group>"; };
		92EB935B1E1F69BD0044957D /* LORequestManger.h */ = {isa = PBXFileReference; fileEncoding = 4; lastKnownFileType = sourcecode.c.h; path = LORequestManger.h; sourceTree = "<group>"; };
		92EB935C1E1F69BD0044957D /* LORequestManger.m */ = {isa = PBXFileReference; fileEncoding = 4; lastKnownFileType = sourcecode.c.objc; path = LORequestManger.m; sourceTree = "<group>"; };
		92EB936F1E1F6BCC0044957D /* AppHeader.h */ = {isa = PBXFileReference; fileEncoding = 4; lastKnownFileType = sourcecode.c.h; path = AppHeader.h; sourceTree = "<group>"; };
		92EB93741E1F72370044957D /* SceneModel.h */ = {isa = PBXFileReference; fileEncoding = 4; lastKnownFileType = sourcecode.c.h; name = SceneModel.h; path = UI/Model/SceneModel.h; sourceTree = "<group>"; };
		92EB93751E1F72370044957D /* SceneModel.m */ = {isa = PBXFileReference; fileEncoding = 4; lastKnownFileType = sourcecode.c.objc; name = SceneModel.m; path = UI/Model/SceneModel.m; sourceTree = "<group>"; };
		92EB937A1E1F78150044957D /* SceneTableViewCell.h */ = {isa = PBXFileReference; fileEncoding = 4; lastKnownFileType = sourcecode.c.h; name = SceneTableViewCell.h; path = UI/View/SceneTableViewCell.h; sourceTree = "<group>"; };
		92EB937B1E1F78150044957D /* SceneTableViewCell.m */ = {isa = PBXFileReference; fileEncoding = 4; lastKnownFileType = sourcecode.c.objc; name = SceneTableViewCell.m; path = UI/View/SceneTableViewCell.m; sourceTree = "<group>"; };
		92EB937D1E1F78240044957D /* SceneViewController.h */ = {isa = PBXFileReference; fileEncoding = 4; lastKnownFileType = sourcecode.c.h; name = SceneViewController.h; path = UI/Control/SceneViewController.h; sourceTree = "<group>"; };
		92EB937E1E1F78240044957D /* SceneViewController.m */ = {isa = PBXFileReference; fileEncoding = 4; lastKnownFileType = sourcecode.c.objc; name = SceneViewController.m; path = UI/Control/SceneViewController.m; sourceTree = "<group>"; };
		92EB93801E1F78350044957D /* BaseModel.h */ = {isa = PBXFileReference; fileEncoding = 4; lastKnownFileType = sourcecode.c.h; name = BaseModel.h; path = BaseClass/BaseModel.h; sourceTree = "<group>"; };
		92EB93811E1F78350044957D /* BaseModel.m */ = {isa = PBXFileReference; fileEncoding = 4; lastKnownFileType = sourcecode.c.objc; name = BaseModel.m; path = BaseClass/BaseModel.m; sourceTree = "<group>"; };
/* End PBXFileReference section */

/* Begin PBXFrameworksBuildPhase section */
		92EB92B31E1F60EE0044957D /* Frameworks */ = {
			isa = PBXFrameworksBuildPhase;
			buildActionMask = 2147483647;
			files = (
			);
			runOnlyForDeploymentPostprocessing = 0;
		};
		92EB92CC1E1F60EE0044957D /* Frameworks */ = {
			isa = PBXFrameworksBuildPhase;
			buildActionMask = 2147483647;
			files = (
			);
			runOnlyForDeploymentPostprocessing = 0;
		};
		92EB92D71E1F60EE0044957D /* Frameworks */ = {
			isa = PBXFrameworksBuildPhase;
			buildActionMask = 2147483647;
			files = (
			);
			runOnlyForDeploymentPostprocessing = 0;
		};
/* End PBXFrameworksBuildPhase section */

/* Begin PBXGroup section */
		92EB92AD1E1F60EE0044957D = {
			isa = PBXGroup;
			children = (
				92EB92B81E1F60EE0044957D /* MTFloridEyes */,
				92EB92D21E1F60EE0044957D /* MTFloridEyesTests */,
				92EB92DD1E1F60EE0044957D /* MTFloridEyesUITests */,
				92EB92B71E1F60EE0044957D /* Products */,
			);
			sourceTree = "<group>";
		};
		92EB92B71E1F60EE0044957D /* Products */ = {
			isa = PBXGroup;
			children = (
				92EB92B61E1F60EE0044957D /* MTFloridEyes.app */,
				92EB92CF1E1F60EE0044957D /* MTFloridEyesTests.xctest */,
				92EB92DA1E1F60EE0044957D /* MTFloridEyesUITests.xctest */,
			);
			name = Products;
			sourceTree = "<group>";
		};
		92EB92B81E1F60EE0044957D /* MTFloridEyes */ = {
			isa = PBXGroup;
			children = (
				92EB92BC1E1F60EE0044957D /* AppDelegate.h */,
				92EB92BD1E1F60EE0044957D /* AppDelegate.m */,
				92EB92F31E1F629D0044957D /* UI */,
				92EB92F21E1F628D0044957D /* BaseClasses */,
				92EB92EF1E1F61E00044957D /* Lib */,
				92EB92EE1E1F61D90044957D /* Tool */,
				92EB92ED1E1F61D10044957D /* Common */,
				92EB92C21E1F60EE0044957D /* Main.storyboard */,
				92EB92C51E1F60EE0044957D /* Assets.xcassets */,
				92EB92C71E1F60EE0044957D /* LaunchScreen.storyboard */,
				92EB92CA1E1F60EE0044957D /* Info.plist */,
				92EB92B91E1F60EE0044957D /* Supporting Files */,
			);
			path = MTFloridEyes;
			sourceTree = "<group>";
		};
		92EB92B91E1F60EE0044957D /* Supporting Files */ = {
			isa = PBXGroup;
			children = (
				92EB92F01E1F61FF0044957D /* PrefixHeader.pch */,
				92EB936F1E1F6BCC0044957D /* AppHeader.h */,
				92EB92BA1E1F60EE0044957D /* main.m */,
			);
			name = "Supporting Files";
			sourceTree = "<group>";
		};
		92EB92D21E1F60EE0044957D /* MTFloridEyesTests */ = {
			isa = PBXGroup;
			children = (
				92EB92D31E1F60EE0044957D /* MTFloridEyesTests.m */,
				92EB92D51E1F60EE0044957D /* Info.plist */,
			);
			path = MTFloridEyesTests;
			sourceTree = "<group>";
		};
		92EB92DD1E1F60EE0044957D /* MTFloridEyesUITests */ = {
			isa = PBXGroup;
			children = (
				92EB92DE1E1F60EE0044957D /* MTFloridEyesUITests.m */,
				92EB92E01E1F60EE0044957D /* Info.plist */,
			);
			path = MTFloridEyesUITests;
			sourceTree = "<group>";
		};
		92EB92ED1E1F61D10044957D /* Common */ = {
			isa = PBXGroup;
			children = (
			);
			name = Common;
			sourceTree = "<group>";
		};
		92EB92EE1E1F61D90044957D /* Tool */ = {
			isa = PBXGroup;
			children = (
			);
			name = Tool;
			sourceTree = "<group>";
		};
		92EB92EF1E1F61E00044957D /* Lib */ = {
			isa = PBXGroup;
			children = (
				92EB93331E1F69BD0044957D /* EnNetWork */,
				92EB93011E1F69A50044957D /* SDWebImage */,
			);
			name = Lib;
			sourceTree = "<group>";
		};
		92EB92F21E1F628D0044957D /* BaseClasses */ = {
			isa = PBXGroup;
			children = (
				92EB93801E1F78350044957D /* BaseModel.h */,
				92EB93811E1F78350044957D /* BaseModel.m */,
				92EB92F71E1F65D00044957D /* BaseViewController.h */,
				92EB92F81E1F65D00044957D /* BaseViewController.m */,
			);
			name = BaseClasses;
			sourceTree = "<group>";
		};
		92EB92F31E1F629D0044957D /* UI */ = {
			isa = PBXGroup;
			children = (
				92EB92FD1E1F68A40044957D /* Scene */,
			);
			name = UI;
			sourceTree = "<group>";
		};
		92EB92FD1E1F68A40044957D /* Scene */ = {
			isa = PBXGroup;
			children = (
				92EB93001E1F68CD0044957D /* View */,
				92EB92FF1E1F68C00044957D /* Model */,
				92EB92FE1E1F68B30044957D /* Control */,
			);
			name = Scene;
			sourceTree = "<group>";
		};
		92EB92FE1E1F68B30044957D /* Control */ = {
			isa = PBXGroup;
			children = (
				92EB937D1E1F78240044957D /* SceneViewController.h */,
				92EB937E1E1F78240044957D /* SceneViewController.m */,
			);
			name = Control;
			sourceTree = "<group>";
		};
		92EB92FF1E1F68C00044957D /* Model */ = {
			isa = PBXGroup;
			children = (
				92EB93741E1F72370044957D /* SceneModel.h */,
				92EB93751E1F72370044957D /* SceneModel.m */,
			);
			name = Model;
			sourceTree = "<group>";
		};
		92EB93001E1F68CD0044957D /* View */ = {
			isa = PBXGroup;
			children = (
				92EB937A1E1F78150044957D /* SceneTableViewCell.h */,
				92EB937B1E1F78150044957D /* SceneTableViewCell.m */,
			);
			name = View;
			sourceTree = "<group>";
		};
		92EB93011E1F69A50044957D /* SDWebImage */ = {
			isa = PBXGroup;
			children = (
				92EB93021E1F69A50044957D /* MKAnnotationView+WebCache.h */,
				92EB93031E1F69A50044957D /* MKAnnotationView+WebCache.m */,
				92EB93041E1F69A50044957D /* NSData+ImageContentType.h */,
				92EB93051E1F69A50044957D /* NSData+ImageContentType.m */,
				92EB93061E1F69A50044957D /* SDImageCache.h */,
				92EB93071E1F69A50044957D /* SDImageCache.m */,
				92EB93081E1F69A50044957D /* SDWebImageCompat.h */,
				92EB93091E1F69A50044957D /* SDWebImageCompat.m */,
				92EB930A1E1F69A50044957D /* SDWebImageDecoder.h */,
				92EB930B1E1F69A50044957D /* SDWebImageDecoder.m */,
				92EB930C1E1F69A50044957D /* SDWebImageDownloader.h */,
				92EB930D1E1F69A50044957D /* SDWebImageDownloader.m */,
				92EB930E1E1F69A50044957D /* SDWebImageDownloaderOperation.h */,
				92EB930F1E1F69A50044957D /* SDWebImageDownloaderOperation.m */,
				92EB93101E1F69A50044957D /* SDWebImageManager.h */,
				92EB93111E1F69A50044957D /* SDWebImageManager.m */,
				92EB93121E1F69A50044957D /* SDWebImageOperation.h */,
				92EB93131E1F69A50044957D /* SDWebImagePrefetcher.h */,
				92EB93141E1F69A50044957D /* SDWebImagePrefetcher.m */,
				92EB93151E1F69A50044957D /* UIButton+WebCache.h */,
				92EB93161E1F69A50044957D /* UIButton+WebCache.m */,
				92EB93171E1F69A50044957D /* UIImage+GIF.h */,
				92EB93181E1F69A50044957D /* UIImage+GIF.m */,
				92EB93191E1F69A50044957D /* UIImage+MultiFormat.h */,
				92EB931A1E1F69A50044957D /* UIImage+MultiFormat.m */,
				92EB931B1E1F69A50044957D /* UIImage+WebP.h */,
				92EB931C1E1F69A50044957D /* UIImage+WebP.m */,
				92EB931D1E1F69A50044957D /* UIImageView+HighlightedWebCache.h */,
				92EB931E1E1F69A50044957D /* UIImageView+HighlightedWebCache.m */,
				92EB931F1E1F69A50044957D /* UIImageView+WebCache.h */,
				92EB93201E1F69A50044957D /* UIImageView+WebCache.m */,
				92EB93211E1F69A50044957D /* UIView+WebCacheOperation.h */,
				92EB93221E1F69A50044957D /* UIView+WebCacheOperation.m */,
			);
			path = SDWebImage;
			sourceTree = "<group>";
		};
		92EB93331E1F69BD0044957D /* EnNetWork */ = {
			isa = PBXGroup;
			children = (
				92EB93341E1F69BD0044957D /* AFNetworking */,
				92EB935B1E1F69BD0044957D /* LORequestManger.h */,
				92EB935C1E1F69BD0044957D /* LORequestManger.m */,
			);
			path = EnNetWork;
			sourceTree = "<group>";
		};
		92EB93341E1F69BD0044957D /* AFNetworking */ = {
			isa = PBXGroup;
			children = (
				92EB93351E1F69BD0044957D /* AFNetworking */,
			);
			path = AFNetworking;
			sourceTree = "<group>";
		};
		92EB93351E1F69BD0044957D /* AFNetworking */ = {
			isa = PBXGroup;
			children = (
				92EB93361E1F69BD0044957D /* AFHTTPRequestOperation.h */,
				92EB93371E1F69BD0044957D /* AFHTTPRequestOperation.m */,
				92EB93381E1F69BD0044957D /* AFHTTPRequestOperationManager.h */,
				92EB93391E1F69BD0044957D /* AFHTTPRequestOperationManager.m */,
				92EB933A1E1F69BD0044957D /* AFHTTPSessionManager.h */,
				92EB933B1E1F69BD0044957D /* AFHTTPSessionManager.m */,
				92EB933C1E1F69BD0044957D /* AFNetworking.h */,
				92EB933D1E1F69BD0044957D /* AFNetworkReachabilityManager.h */,
				92EB933E1E1F69BD0044957D /* AFNetworkReachabilityManager.m */,
				92EB933F1E1F69BD0044957D /* AFSecurityPolicy.h */,
				92EB93401E1F69BD0044957D /* AFSecurityPolicy.m */,
				92EB93411E1F69BD0044957D /* AFURLConnectionOperation.h */,
				92EB93421E1F69BD0044957D /* AFURLConnectionOperation.m */,
				92EB93431E1F69BD0044957D /* AFURLRequestSerialization.h */,
				92EB93441E1F69BD0044957D /* AFURLRequestSerialization.m */,
				92EB93451E1F69BD0044957D /* AFURLResponseSerialization.h */,
				92EB93461E1F69BD0044957D /* AFURLResponseSerialization.m */,
				92EB93471E1F69BD0044957D /* AFURLSessionManager.h */,
				92EB93481E1F69BD0044957D /* AFURLSessionManager.m */,
				92EB93491E1F69BD0044957D /* UIKit+AFNetworking */,
			);
			path = AFNetworking;
			sourceTree = "<group>";
		};
		92EB93491E1F69BD0044957D /* UIKit+AFNetworking */ = {
			isa = PBXGroup;
			children = (
				92EB934A1E1F69BD0044957D /* AFNetworkActivityIndicatorManager.h */,
				92EB934B1E1F69BD0044957D /* AFNetworkActivityIndicatorManager.m */,
				92EB934C1E1F69BD0044957D /* UIActivityIndicatorView+AFNetworking.h */,
				92EB934D1E1F69BD0044957D /* UIActivityIndicatorView+AFNetworking.m */,
				92EB934E1E1F69BD0044957D /* UIAlertView+AFNetworking.h */,
				92EB934F1E1F69BD0044957D /* UIAlertView+AFNetworking.m */,
				92EB93501E1F69BD0044957D /* UIButton+AFNetworking.h */,
				92EB93511E1F69BD0044957D /* UIButton+AFNetworking.m */,
				92EB93521E1F69BD0044957D /* UIImageView+AFNetworking.h */,
				92EB93531E1F69BD0044957D /* UIImageView+AFNetworking.m */,
				92EB93541E1F69BD0044957D /* UIKit+AFNetworking.h */,
				92EB93551E1F69BD0044957D /* UIProgressView+AFNetworking.h */,
				92EB93561E1F69BD0044957D /* UIProgressView+AFNetworking.m */,
				92EB93571E1F69BD0044957D /* UIRefreshControl+AFNetworking.h */,
				92EB93581E1F69BD0044957D /* UIRefreshControl+AFNetworking.m */,
				92EB93591E1F69BD0044957D /* UIWebView+AFNetworking.h */,
				92EB935A1E1F69BD0044957D /* UIWebView+AFNetworking.m */,
			);
			path = "UIKit+AFNetworking";
			sourceTree = "<group>";
		};
/* End PBXGroup section */

/* Begin PBXNativeTarget section */
		92EB92B51E1F60EE0044957D /* MTFloridEyes */ = {
			isa = PBXNativeTarget;
			buildConfigurationList = 92EB92E31E1F60EE0044957D /* Build configuration list for PBXNativeTarget "MTFloridEyes" */;
			buildPhases = (
				92EB92B21E1F60EE0044957D /* Sources */,
				92EB92B31E1F60EE0044957D /* Frameworks */,
				92EB92B41E1F60EE0044957D /* Resources */,
			);
			buildRules = (
			);
			dependencies = (
			);
			name = MTFloridEyes;
			productName = MTFloridEyes;
			productReference = 92EB92B61E1F60EE0044957D /* MTFloridEyes.app */;
			productType = "com.apple.product-type.application";
		};
		92EB92CE1E1F60EE0044957D /* MTFloridEyesTests */ = {
			isa = PBXNativeTarget;
			buildConfigurationList = 92EB92E61E1F60EE0044957D /* Build configuration list for PBXNativeTarget "MTFloridEyesTests" */;
			buildPhases = (
				92EB92CB1E1F60EE0044957D /* Sources */,
				92EB92CC1E1F60EE0044957D /* Frameworks */,
				92EB92CD1E1F60EE0044957D /* Resources */,
			);
			buildRules = (
			);
			dependencies = (
				92EB92D11E1F60EE0044957D /* PBXTargetDependency */,
			);
			name = MTFloridEyesTests;
			productName = MTFloridEyesTests;
			productReference = 92EB92CF1E1F60EE0044957D /* MTFloridEyesTests.xctest */;
			productType = "com.apple.product-type.bundle.unit-test";
		};
		92EB92D91E1F60EE0044957D /* MTFloridEyesUITests */ = {
			isa = PBXNativeTarget;
			buildConfigurationList = 92EB92E91E1F60EE0044957D /* Build configuration list for PBXNativeTarget "MTFloridEyesUITests" */;
			buildPhases = (
				92EB92D61E1F60EE0044957D /* Sources */,
				92EB92D71E1F60EE0044957D /* Frameworks */,
				92EB92D81E1F60EE0044957D /* Resources */,
			);
			buildRules = (
			);
			dependencies = (
				92EB92DC1E1F60EE0044957D /* PBXTargetDependency */,
			);
			name = MTFloridEyesUITests;
			productName = MTFloridEyesUITests;
			productReference = 92EB92DA1E1F60EE0044957D /* MTFloridEyesUITests.xctest */;
			productType = "com.apple.product-type.bundle.ui-testing";
		};
/* End PBXNativeTarget section */

/* Begin PBXProject section */
		92EB92AE1E1F60EE0044957D /* Project object */ = {
			isa = PBXProject;
			attributes = {
				LastUpgradeCheck = 0800;
				ORGANIZATIONNAME = "小谩的Mac";
				TargetAttributes = {
					92EB92B51E1F60EE0044957D = {
						CreatedOnToolsVersion = 8.0;
						DevelopmentTeam = J2YCKU52A2;
						ProvisioningStyle = Automatic;
					};
					92EB92CE1E1F60EE0044957D = {
						CreatedOnToolsVersion = 8.0;
						DevelopmentTeam = J2YCKU52A2;
						ProvisioningStyle = Automatic;
						TestTargetID = 92EB92B51E1F60EE0044957D;
					};
					92EB92D91E1F60EE0044957D = {
						CreatedOnToolsVersion = 8.0;
						DevelopmentTeam = J2YCKU52A2;
						ProvisioningStyle = Automatic;
						TestTargetID = 92EB92B51E1F60EE0044957D;
					};
				};
			};
			buildConfigurationList = 92EB92B11E1F60EE0044957D /* Build configuration list for PBXProject "MTFloridEyes" */;
			compatibilityVersion = "Xcode 3.2";
			developmentRegion = English;
			hasScannedForEncodings = 0;
			knownRegions = (
				en,
				Base,
			);
			mainGroup = 92EB92AD1E1F60EE0044957D;
			productRefGroup = 92EB92B71E1F60EE0044957D /* Products */;
			projectDirPath = "";
			projectRoot = "";
			targets = (
				92EB92B51E1F60EE0044957D /* MTFloridEyes */,
				92EB92CE1E1F60EE0044957D /* MTFloridEyesTests */,
				92EB92D91E1F60EE0044957D /* MTFloridEyesUITests */,
			);
		};
/* End PBXProject section */

/* Begin PBXResourcesBuildPhase section */
		92EB92B41E1F60EE0044957D /* Resources */ = {
			isa = PBXResourcesBuildPhase;
			buildActionMask = 2147483647;
			files = (
				92EB92C91E1F60EE0044957D /* LaunchScreen.storyboard in Resources */,
				92EB92C61E1F60EE0044957D /* Assets.xcassets in Resources */,
				92EB92C41E1F60EE0044957D /* Main.storyboard in Resources */,
			);
			runOnlyForDeploymentPostprocessing = 0;
		};
		92EB92CD1E1F60EE0044957D /* Resources */ = {
			isa = PBXResourcesBuildPhase;
			buildActionMask = 2147483647;
			files = (
			);
			runOnlyForDeploymentPostprocessing = 0;
		};
		92EB92D81E1F60EE0044957D /* Resources */ = {
			isa = PBXResourcesBuildPhase;
			buildActionMask = 2147483647;
			files = (
			);
			runOnlyForDeploymentPostprocessing = 0;
		};
/* End PBXResourcesBuildPhase section */

/* Begin PBXSourcesBuildPhase section */
		92EB92B21E1F60EE0044957D /* Sources */ = {
			isa = PBXSourcesBuildPhase;
			buildActionMask = 2147483647;
			files = (
				92EB93681E1F69BD0044957D /* UIAlertView+AFNetworking.m in Sources */,
				92EB936A1E1F69BD0044957D /* UIImageView+AFNetworking.m in Sources */,
				92EB93631E1F69BD0044957D /* AFURLRequestSerialization.m in Sources */,
				92EB93621E1F69BD0044957D /* AFURLConnectionOperation.m in Sources */,
				92EB93671E1F69BD0044957D /* UIActivityIndicatorView+AFNetworking.m in Sources */,
				92EB93301E1F69A50044957D /* UIImageView+HighlightedWebCache.m in Sources */,
				92EB93691E1F69BD0044957D /* UIButton+AFNetworking.m in Sources */,
				92EB932E1E1F69A50044957D /* UIImage+MultiFormat.m in Sources */,
				92EB93291E1F69A50044957D /* SDWebImageDownloaderOperation.m in Sources */,
				92EB93651E1F69BD0044957D /* AFURLSessionManager.m in Sources */,
				92EB92BE1E1F60EE0044957D /* AppDelegate.m in Sources */,
				92EB93261E1F69A50044957D /* SDWebImageCompat.m in Sources */,
				92EB936E1E1F69BD0044957D /* LORequestManger.m in Sources */,
				92EB932D1E1F69A50044957D /* UIImage+GIF.m in Sources */,
				92EB93611E1F69BD0044957D /* AFSecurityPolicy.m in Sources */,
				92EB936C1E1F69BD0044957D /* UIRefreshControl+AFNetworking.m in Sources */,
				92EB936B1E1F69BD0044957D /* UIProgressView+AFNetworking.m in Sources */,
				92EB935D1E1F69BD0044957D /* AFHTTPRequestOperation.m in Sources */,
				92EB932B1E1F69A50044957D /* SDWebImagePrefetcher.m in Sources */,
				92EB92F91E1F65D00044957D /* BaseViewController.m in Sources */,
				92EB93661E1F69BD0044957D /* AFNetworkActivityIndicatorManager.m in Sources */,
				92EB932F1E1F69A50044957D /* UIImage+WebP.m in Sources */,
				92EB93311E1F69A50044957D /* UIImageView+WebCache.m in Sources */,
				92EB936D1E1F69BD0044957D /* UIWebView+AFNetworking.m in Sources */,
				92EB93281E1F69A50044957D /* SDWebImageDownloader.m in Sources */,
				92EB935F1E1F69BD0044957D /* AFHTTPSessionManager.m in Sources */,
				92EB93321E1F69A50044957D /* UIView+WebCacheOperation.m in Sources */,
				92EB937F1E1F78240044957D /* SceneViewController.m in Sources */,
				92EB932C1E1F69A50044957D /* UIButton+WebCache.m in Sources */,
				92EB93231E1F69A50044957D /* MKAnnotationView+WebCache.m in Sources */,
				92EB93821E1F78350044957D /* BaseModel.m in Sources */,
				92EB935E1E1F69BD0044957D /* AFHTTPRequestOperationManager.m in Sources */,
				92EB93241E1F69A50044957D /* NSData+ImageContentType.m in Sources */,
				92EB92BB1E1F60EE0044957D /* main.m in Sources */,
				92EB937C1E1F78150044957D /* SceneTableViewCell.m in Sources */,
				92EB932A1E1F69A50044957D /* SDWebImageManager.m in Sources */,
				92EB93271E1F69A50044957D /* SDWebImageDecoder.m in Sources */,
				92EB93761E1F72370044957D /* SceneModel.m in Sources */,
				92EB93601E1F69BD0044957D /* AFNetworkReachabilityManager.m in Sources */,
				92EB93641E1F69BD0044957D /* AFURLResponseSerialization.m in Sources */,
				92EB93251E1F69A50044957D /* SDImageCache.m in Sources */,
			);
			runOnlyForDeploymentPostprocessing = 0;
		};
		92EB92CB1E1F60EE0044957D /* Sources */ = {
			isa = PBXSourcesBuildPhase;
			buildActionMask = 2147483647;
			files = (
				92EB92D41E1F60EE0044957D /* MTFloridEyesTests.m in Sources */,
			);
			runOnlyForDeploymentPostprocessing = 0;
		};
		92EB92D61E1F60EE0044957D /* Sources */ = {
			isa = PBXSourcesBuildPhase;
			buildActionMask = 2147483647;
			files = (
				92EB92DF1E1F60EE0044957D /* MTFloridEyesUITests.m in Sources */,
			);
			runOnlyForDeploymentPostprocessing = 0;
		};
/* End PBXSourcesBuildPhase section */

/* Begin PBXTargetDependency section */
		92EB92D11E1F60EE0044957D /* PBXTargetDependency */ = {
			isa = PBXTargetDependency;
			target = 92EB92B51E1F60EE0044957D /* MTFloridEyes */;
			targetProxy = 92EB92D01E1F60EE0044957D /* PBXContainerItemProxy */;
		};
		92EB92DC1E1F60EE0044957D /* PBXTargetDependency */ = {
			isa = PBXTargetDependency;
			target = 92EB92B51E1F60EE0044957D /* MTFloridEyes */;
			targetProxy = 92EB92DB1E1F60EE0044957D /* PBXContainerItemProxy */;
		};
/* End PBXTargetDependency section */

/* Begin PBXVariantGroup section */
		92EB92C21E1F60EE0044957D /* Main.storyboard */ = {
			isa = PBXVariantGroup;
			children = (
				92EB92C31E1F60EE0044957D /* Base */,
			);
			name = Main.storyboard;
			sourceTree = "<group>";
		};
		92EB92C71E1F60EE0044957D /* LaunchScreen.storyboard */ = {
			isa = PBXVariantGroup;
			children = (
				92EB92C81E1F60EE0044957D /* Base */,
			);
			name = LaunchScreen.storyboard;
			sourceTree = "<group>";
		};
/* End PBXVariantGroup section */

/* Begin XCBuildConfiguration section */
		92EB92E11E1F60EE0044957D /* Debug */ = {
			isa = XCBuildConfiguration;
			buildSettings = {
				ALWAYS_SEARCH_USER_PATHS = NO;
				CLANG_ANALYZER_NONNULL = YES;
				CLANG_CXX_LANGUAGE_STANDARD = "gnu++0x";
				CLANG_CXX_LIBRARY = "libc++";
				CLANG_ENABLE_MODULES = YES;
				CLANG_ENABLE_OBJC_ARC = YES;
				CLANG_WARN_BOOL_CONVERSION = YES;
				CLANG_WARN_CONSTANT_CONVERSION = YES;
				CLANG_WARN_DIRECT_OBJC_ISA_USAGE = YES_ERROR;
				CLANG_WARN_DOCUMENTATION_COMMENTS = YES;
				CLANG_WARN_EMPTY_BODY = YES;
				CLANG_WARN_ENUM_CONVERSION = YES;
				CLANG_WARN_INFINITE_RECURSION = YES;
				CLANG_WARN_INT_CONVERSION = YES;
				CLANG_WARN_OBJC_ROOT_CLASS = YES_ERROR;
				CLANG_WARN_SUSPICIOUS_MOVES = YES;
				CLANG_WARN_UNREACHABLE_CODE = YES;
				CLANG_WARN__DUPLICATE_METHOD_MATCH = YES;
				"CODE_SIGN_IDENTITY[sdk=iphoneos*]" = "iPhone Developer";
				COPY_PHASE_STRIP = NO;
				DEBUG_INFORMATION_FORMAT = dwarf;
				ENABLE_STRICT_OBJC_MSGSEND = YES;
				ENABLE_TESTABILITY = YES;
				GCC_C_LANGUAGE_STANDARD = gnu99;
				GCC_DYNAMIC_NO_PIC = NO;
				GCC_NO_COMMON_BLOCKS = YES;
				GCC_OPTIMIZATION_LEVEL = 0;
				GCC_PREPROCESSOR_DEFINITIONS = (
					"DEBUG=1",
					"$(inherited)",
				);
				GCC_WARN_64_TO_32_BIT_CONVERSION = YES;
				GCC_WARN_ABOUT_RETURN_TYPE = YES_ERROR;
				GCC_WARN_UNDECLARED_SELECTOR = YES;
				GCC_WARN_UNINITIALIZED_AUTOS = YES_AGGRESSIVE;
				GCC_WARN_UNUSED_FUNCTION = YES;
				GCC_WARN_UNUSED_VARIABLE = YES;
				IPHONEOS_DEPLOYMENT_TARGET = 10.0;
				MTL_ENABLE_DEBUG_INFO = YES;
				ONLY_ACTIVE_ARCH = YES;
				SDKROOT = iphoneos;
				TARGETED_DEVICE_FAMILY = "1,2";
			};
			name = Debug;
		};
		92EB92E21E1F60EE0044957D /* Release */ = {
			isa = XCBuildConfiguration;
			buildSettings = {
				ALWAYS_SEARCH_USER_PATHS = NO;
				CLANG_ANALYZER_NONNULL = YES;
				CLANG_CXX_LANGUAGE_STANDARD = "gnu++0x";
				CLANG_CXX_LIBRARY = "libc++";
				CLANG_ENABLE_MODULES = YES;
				CLANG_ENABLE_OBJC_ARC = YES;
				CLANG_WARN_BOOL_CONVERSION = YES;
				CLANG_WARN_CONSTANT_CONVERSION = YES;
				CLANG_WARN_DIRECT_OBJC_ISA_USAGE = YES_ERROR;
				CLANG_WARN_DOCUMENTATION_COMMENTS = YES;
				CLANG_WARN_EMPTY_BODY = YES;
				CLANG_WARN_ENUM_CONVERSION = YES;
				CLANG_WARN_INFINITE_RECURSION = YES;
				CLANG_WARN_INT_CONVERSION = YES;
				CLANG_WARN_OBJC_ROOT_CLASS = YES_ERROR;
				CLANG_WARN_SUSPICIOUS_MOVES = YES;
				CLANG_WARN_UNREACHABLE_CODE = YES;
				CLANG_WARN__DUPLICATE_METHOD_MATCH = YES;
				"CODE_SIGN_IDENTITY[sdk=iphoneos*]" = "iPhone Developer";
				COPY_PHASE_STRIP = NO;
				DEBUG_INFORMATION_FORMAT = "dwarf-with-dsym";
				ENABLE_NS_ASSERTIONS = NO;
				ENABLE_STRICT_OBJC_MSGSEND = YES;
				GCC_C_LANGUAGE_STANDARD = gnu99;
				GCC_NO_COMMON_BLOCKS = YES;
				GCC_WARN_64_TO_32_BIT_CONVERSION = YES;
				GCC_WARN_ABOUT_RETURN_TYPE = YES_ERROR;
				GCC_WARN_UNDECLARED_SELECTOR = YES;
				GCC_WARN_UNINITIALIZED_AUTOS = YES_AGGRESSIVE;
				GCC_WARN_UNUSED_FUNCTION = YES;
				GCC_WARN_UNUSED_VARIABLE = YES;
				IPHONEOS_DEPLOYMENT_TARGET = 10.0;
				MTL_ENABLE_DEBUG_INFO = NO;
				SDKROOT = iphoneos;
				TARGETED_DEVICE_FAMILY = "1,2";
				VALIDATE_PRODUCT = YES;
			};
			name = Release;
		};
		92EB92E41E1F60EE0044957D /* Debug */ = {
			isa = XCBuildConfiguration;
			buildSettings = {
				ASSETCATALOG_COMPILER_APPICON_NAME = AppIcon;
				DEVELOPMENT_TEAM = J2YCKU52A2;
				GCC_PRECOMPILE_PREFIX_HEADER = NO;
				GCC_PREFIX_HEADER = /Users/tongxiaoman/Documents/MTFloridEyes/MTFloridEyes/PrefixHeader.pch;
				INFOPLIST_FILE = MTFloridEyes/Info.plist;
				IPHONEOS_DEPLOYMENT_TARGET = 8.0;
				LD_RUNPATH_SEARCH_PATHS = "$(inherited) @executable_path/Frameworks";
				PRODUCT_BUNDLE_IDENTIFIER = "-21486783.MTFloridEyes";
				PRODUCT_NAME = "$(TARGET_NAME)";
				TARGETED_DEVICE_FAMILY = 1;
			};
			name = Debug;
		};
		92EB92E51E1F60EE0044957D /* Release */ = {
			isa = XCBuildConfiguration;
			buildSettings = {
				ASSETCATALOG_COMPILER_APPICON_NAME = AppIcon;
				DEVELOPMENT_TEAM = J2YCKU52A2;
				GCC_PRECOMPILE_PREFIX_HEADER = NO;
				GCC_PREFIX_HEADER = /Users/tongxiaoman/Documents/MTFloridEyes/MTFloridEyes/PrefixHeader.pch;
				INFOPLIST_FILE = MTFloridEyes/Info.plist;
				IPHONEOS_DEPLOYMENT_TARGET = 8.0;
				LD_RUNPATH_SEARCH_PATHS = "$(inherited) @executable_path/Frameworks";
				PRODUCT_BUNDLE_IDENTIFIER = "-21486783.MTFloridEyes";
				PRODUCT_NAME = "$(TARGET_NAME)";
				TARGETED_DEVICE_FAMILY = 1;
			};
			name = Release;
		};
		92EB92E71E1F60EE0044957D /* Debug */ = {
			isa = XCBuildConfiguration;
			buildSettings = {
				BUNDLE_LOADER = "$(TEST_HOST)";
				DEVELOPMENT_TEAM = J2YCKU52A2;
				INFOPLIST_FILE = MTFloridEyesTests/Info.plist;
				LD_RUNPATH_SEARCH_PATHS = "$(inherited) @executable_path/Frameworks @loader_path/Frameworks";
				PRODUCT_BUNDLE_IDENTIFIER = "-21486783.MTFloridEyesTests";
				PRODUCT_NAME = "$(TARGET_NAME)";
				TEST_HOST = "$(BUILT_PRODUCTS_DIR)/MTFloridEyes.app/MTFloridEyes";
			};
			name = Debug;
		};
		92EB92E81E1F60EE0044957D /* Release */ = {
			isa = XCBuildConfiguration;
			buildSettings = {
				BUNDLE_LOADER = "$(TEST_HOST)";
				DEVELOPMENT_TEAM = J2YCKU52A2;
				INFOPLIST_FILE = MTFloridEyesTests/Info.plist;
				LD_RUNPATH_SEARCH_PATHS = "$(inherited) @executable_path/Frameworks @loader_path/Frameworks";
				PRODUCT_BUNDLE_IDENTIFIER = "-21486783.MTFloridEyesTests";
				PRODUCT_NAME = "$(TARGET_NAME)";
				TEST_HOST = "$(BUILT_PRODUCTS_DIR)/MTFloridEyes.app/MTFloridEyes";
			};
			name = Release;
		};
		92EB92EA1E1F60EE0044957D /* Debug */ = {
			isa = XCBuildConfiguration;
			buildSettings = {
				DEVELOPMENT_TEAM = J2YCKU52A2;
				INFOPLIST_FILE = MTFloridEyesUITests/Info.plist;
				LD_RUNPATH_SEARCH_PATHS = "$(inherited) @executable_path/Frameworks @loader_path/Frameworks";
				PRODUCT_BUNDLE_IDENTIFIER = "-21486783.MTFloridEyesUITests";
				PRODUCT_NAME = "$(TARGET_NAME)";
				TEST_TARGET_NAME = MTFloridEyes;
			};
			name = Debug;
		};
		92EB92EB1E1F60EE0044957D /* Release */ = {
			isa = XCBuildConfiguration;
			buildSettings = {
				DEVELOPMENT_TEAM = J2YCKU52A2;
				INFOPLIST_FILE = MTFloridEyesUITests/Info.plist;
				LD_RUNPATH_SEARCH_PATHS = "$(inherited) @executable_path/Frameworks @loader_path/Frameworks";
				PRODUCT_BUNDLE_IDENTIFIER = "-21486783.MTFloridEyesUITests";
				PRODUCT_NAME = "$(TARGET_NAME)";
				TEST_TARGET_NAME = MTFloridEyes;
			};
			name = Release;
		};
/* End XCBuildConfiguration section */

/* Begin XCConfigurationList section */
		92EB92B11E1F60EE0044957D /* Build configuration list for PBXProject "MTFloridEyes" */ = {
			isa = XCConfigurationList;
			buildConfigurations = (
				92EB92E11E1F60EE0044957D /* Debug */,
				92EB92E21E1F60EE0044957D /* Release */,
			);
			defaultConfigurationIsVisible = 0;
			defaultConfigurationName = Release;
		};
		92EB92E31E1F60EE0044957D /* Build configuration list for PBXNativeTarget "MTFloridEyes" */ = {
			isa = XCConfigurationList;
			buildConfigurations = (
				92EB92E41E1F60EE0044957D /* Debug */,
				92EB92E51E1F60EE0044957D /* Release */,
			);
			defaultConfigurationIsVisible = 0;
		};
		92EB92E61E1F60EE0044957D /* Build configuration list for PBXNativeTarget "MTFloridEyesTests" */ = {
			isa = XCConfigurationList;
			buildConfigurations = (
				92EB92E71E1F60EE0044957D /* Debug */,
				92EB92E81E1F60EE0044957D /* Release */,
			);
			defaultConfigurationIsVisible = 0;
		};
		92EB92E91E1F60EE0044957D /* Build configuration list for PBXNativeTarget "MTFloridEyesUITests" */ = {
			isa = XCConfigurationList;
			buildConfigurations = (
				92EB92EA1E1F60EE0044957D /* Debug */,
				92EB92EB1E1F60EE0044957D /* Release */,
			);
			defaultConfigurationIsVisible = 0;
		};
/* End XCConfigurationList section */
	};
	rootObject = 92EB92AE1E1F60EE0044957D /* Project object */;
}
